
Microsoft Visual Studio Solution File, Format Version 12.00
Project("{FAE04EC0-301F-11D3-BF4B-00C04F79EFBC}") = "Meddle.Plugin", "Meddle\Meddle.Plugin.csproj", "{2FF6158B-7A66-4F2D-9080-AC604EAFD6DA}"
EndProject
Project("{FAE04EC0-301F-11D3-BF4B-00C04F79EFBC}") = "Penumbra.String", "External\Penumbra.String\Penumbra.String.csproj", "{66E830EE-BB1D-48F7-BF08-B8B89CD7BA40}"
EndProject
Project("{FAE04EC0-301F-11D3-BF4B-00C04F79EFBC}") = "Penumbra.GameData", "External\Penumbra.GameData\Penumbra.GameData.csproj", "{31B9C6F1-9250-4FF9-82E6-B8F597577A69}"
EndProject
Project("{FAE04EC0-301F-11D3-BF4B-00C04F79EFBC}") = "Penumbra.Api", "External\Penumbra.Api\Penumbra.Api.csproj", "{02BB30DE-3234-4672-A9CC-2143B4BC55BD}"
EndProject
Project("{FAE04EC0-301F-11D3-BF4B-00C04F79EFBC}") = "OtterGui", "External\OtterGui\OtterGui.csproj", "{39E5F8CE-87E9-4946-81EF-2C4B178BE25F}"
EndProject
Global
	GlobalSection(SolutionConfigurationPlatforms) = preSolution
		Debug|Any CPU = Debug|Any CPU
		Release|Any CPU = Release|Any CPU
	EndGlobalSection
	GlobalSection(ProjectConfigurationPlatforms) = postSolution
		{2FF6158B-7A66-4F2D-9080-AC604EAFD6DA}.Debug|Any CPU.ActiveCfg = Debug|Any CPU
		{2FF6158B-7A66-4F2D-9080-AC604EAFD6DA}.Debug|Any CPU.Build.0 = Debug|Any CPU
		{2FF6158B-7A66-4F2D-9080-AC604EAFD6DA}.Release|Any CPU.ActiveCfg = Release|Any CPU
		{2FF6158B-7A66-4F2D-9080-AC604EAFD6DA}.Release|Any CPU.Build.0 = Release|Any CPU
		{66E830EE-BB1D-48F7-BF08-B8B89CD7BA40}.Debug|Any CPU.ActiveCfg = Debug|Any CPU
		{66E830EE-BB1D-48F7-BF08-B8B89CD7BA40}.Debug|Any CPU.Build.0 = Debug|Any CPU
		{66E830EE-BB1D-48F7-BF08-B8B89CD7BA40}.Release|Any CPU.ActiveCfg = Release|Any CPU
		{66E830EE-BB1D-48F7-BF08-B8B89CD7BA40}.Release|Any CPU.Build.0 = Release|Any CPU
		{31B9C6F1-9250-4FF9-82E6-B8F597577A69}.Debug|Any CPU.ActiveCfg = Debug|Any CPU
		{31B9C6F1-9250-4FF9-82E6-B8F597577A69}.Debug|Any CPU.Build.0 = Debug|Any CPU
		{31B9C6F1-9250-4FF9-82E6-B8F597577A69}.Release|Any CPU.ActiveCfg = Release|Any CPU
		{31B9C6F1-9250-4FF9-82E6-B8F597577A69}.Release|Any CPU.Build.0 = Release|Any CPU
		{02BB30DE-3234-4672-A9CC-2143B4BC55BD}.Debug|Any CPU.ActiveCfg = Debug|Any CPU
		{02BB30DE-3234-4672-A9CC-2143B4BC55BD}.Debug|Any CPU.Build.0 = Debug|Any CPU
		{02BB30DE-3234-4672-A9CC-2143B4BC55BD}.Release|Any CPU.ActiveCfg = Release|Any CPU
		{02BB30DE-3234-4672-A9CC-2143B4BC55BD}.Release|Any CPU.Build.0 = Release|Any CPU
		{39E5F8CE-87E9-4946-81EF-2C4B178BE25F}.Debug|Any CPU.ActiveCfg = Debug|Any CPU
		{39E5F8CE-87E9-4946-81EF-2C4B178BE25F}.Debug|Any CPU.Build.0 = Debug|Any CPU
		{39E5F8CE-87E9-4946-81EF-2C4B178BE25F}.Release|Any CPU.ActiveCfg = Release|Any CPU
		{39E5F8CE-87E9-4946-81EF-2C4B178BE25F}.Release|Any CPU.Build.0 = Release|Any CPU
	EndGlobalSection
EndGlobal
