
Microsoft Visual Studio Solution File, Format Version 12.00
# Visual Studio Version 17
VisualStudioVersion = 17.8.34309.116
MinimumVisualStudioVersion = 10.0.40219.1
Project("{9A19103F-16F7-4668-BE54-9A1E7A4F7556}") = "Meddle.Plugin", "Meddle\Meddle.Plugin\Meddle.Plugin.csproj", "{ABA6105F-84F8-421E-9365-4D19416FC850}"
EndProject
Project("{9A19103F-16F7-4668-BE54-9A1E7A4F7556}") = "Xande", "Xande\Xande\Xande.csproj", "{A2345A24-7842-4733-91CF-DC7628521B1D}"
EndProject
Project("{9A19103F-16F7-4668-BE54-9A1E7A4F7556}") = "Xande.GltfImporter", "Xande\Xande.GltfImporter\Xande.GltfImporter.csproj", "{D8CCF05E-DD2D-455F-A537-C71BDBD931B2}"
EndProject
Project("{9A19103F-16F7-4668-BE54-9A1E7A4F7556}") = "FFXIVClientStructs", "FFXIVClientStructs\FFXIVClientStructs\FFXIVClientStructs.csproj", "{13C16D26-657B-4EC2-90F2-365125403E2D}"
EndProject
Project("{9A19103F-16F7-4668-BE54-9A1E7A4F7556}") = "FFXIVClientStructs.InteropSourceGenerators", "FFXIVClientStructs\FFXIVClientStructs.InteropSourceGenerators\FFXIVClientStructs.InteropSourceGenerators.csproj", "{768B4B01-444D-42FB-9C08-49BEB30EB5B8}"
EndProject
Project("{9A19103F-16F7-4668-BE54-9A1E7A4F7556}") = "Lumina", "Lumina\src\Lumina\Lumina.csproj", "{FE724766-CF66-42E5-B964-EEA42D1C2209}"
EndProject
Global
	GlobalSection(SolutionConfigurationPlatforms) = preSolution
		Debug|Any CPU = Debug|Any CPU
		Release|Any CPU = Release|Any CPU
	EndGlobalSection
	GlobalSection(ProjectConfigurationPlatforms) = postSolution
		{ABA6105F-84F8-421E-9365-4D19416FC850}.Debug|Any CPU.ActiveCfg = Debug|Any CPU
		{ABA6105F-84F8-421E-9365-4D19416FC850}.Debug|Any CPU.Build.0 = Debug|Any CPU
		{ABA6105F-84F8-421E-9365-4D19416FC850}.Release|Any CPU.ActiveCfg = Release|Any CPU
		{ABA6105F-84F8-421E-9365-4D19416FC850}.Release|Any CPU.Build.0 = Release|Any CPU
		{A2345A24-7842-4733-91CF-DC7628521B1D}.Debug|Any CPU.ActiveCfg = Debug|Any CPU
		{A2345A24-7842-4733-91CF-DC7628521B1D}.Debug|Any CPU.Build.0 = Debug|Any CPU
		{A2345A24-7842-4733-91CF-DC7628521B1D}.Release|Any CPU.ActiveCfg = Release|Any CPU
		{A2345A24-7842-4733-91CF-DC7628521B1D}.Release|Any CPU.Build.0 = Release|Any CPU
		{D8CCF05E-DD2D-455F-A537-C71BDBD931B2}.Debug|Any CPU.ActiveCfg = Debug|Any CPU
		{D8CCF05E-DD2D-455F-A537-C71BDBD931B2}.Debug|Any CPU.Build.0 = Debug|Any CPU
		{D8CCF05E-DD2D-455F-A537-C71BDBD931B2}.Release|Any CPU.ActiveCfg = Release|Any CPU
		{D8CCF05E-DD2D-455F-A537-C71BDBD931B2}.Release|Any CPU.Build.0 = Release|Any CPU
		{13C16D26-657B-4EC2-90F2-365125403E2D}.Debug|Any CPU.ActiveCfg = Debug|Any CPU
		{13C16D26-657B-4EC2-90F2-365125403E2D}.Debug|Any CPU.Build.0 = Debug|Any CPU
		{13C16D26-657B-4EC2-90F2-365125403E2D}.Release|Any CPU.ActiveCfg = Release|Any CPU
		{13C16D26-657B-4EC2-90F2-365125403E2D}.Release|Any CPU.Build.0 = Release|Any CPU
		{768B4B01-444D-42FB-9C08-49BEB30EB5B8}.Debug|Any CPU.ActiveCfg = Debug|Any CPU
		{768B4B01-444D-42FB-9C08-49BEB30EB5B8}.Debug|Any CPU.Build.0 = Debug|Any CPU
		{768B4B01-444D-42FB-9C08-49BEB30EB5B8}.Release|Any CPU.ActiveCfg = Release|Any CPU
		{768B4B01-444D-42FB-9C08-49BEB30EB5B8}.Release|Any CPU.Build.0 = Release|Any CPU
		{FE724766-CF66-42E5-B964-EEA42D1C2209}.Debug|Any CPU.ActiveCfg = Debug|Any CPU
		{FE724766-CF66-42E5-B964-EEA42D1C2209}.Debug|Any CPU.Build.0 = Debug|Any CPU
		{FE724766-CF66-42E5-B964-EEA42D1C2209}.Release|Any CPU.ActiveCfg = Release|Any CPU
		{FE724766-CF66-42E5-B964-EEA42D1C2209}.Release|Any CPU.Build.0 = Release|Any CPU
	EndGlobalSection
	GlobalSection(SolutionProperties) = preSolution
		HideSolutionNode = FALSE
	EndGlobalSection
	GlobalSection(ExtensibilityGlobals) = postSolution
		SolutionGuid = {74A28FFB-AEAB-4FBB-817C-8881B34F4D47}
	EndGlobalSection
EndGlobal
