{
  "version": 1,
  "dependencies": {
    "net7.0-windows7.0": {
      "DalamudPackager": {
        "type": "Direct",
        "requested": "[2.1.12, )",
        "resolved": "2.1.12",
        "contentHash": "Sc0PVxvgg4NQjcI8n10/VfUQBAS4O+Fw2pZrAqBdRMbthYGeogzu5+xmIGCGmsEZ/ukMOBuAqiNiB5qA3MRalg=="
      },
      "Microsoft.Extensions.DependencyInjection": {
        "type": "Direct",
        "requested": "[7.0.0, )",
        "resolved": "7.0.0",
        "contentHash": "elNeOmkeX3eDVG6pYVeV82p29hr+UKDaBhrZyWvWLw/EVZSYEkZlQdkp0V39k/Xehs2Qa0mvoCvkVj3eQxNQ1Q==",
        "dependencies": {
          "Microsoft.Extensions.DependencyInjection.Abstractions": "7.0.0"
        }
      },
      "Vortice.Direct3D11": {
        "type": "Direct",
        "requested": "[3.4.4-beta, )",
        "resolved": "3.4.4-beta",
        "contentHash": "GW4RFxXcEwb2QwHGkDuHuAELPX8zG//C1AsCEL7kPrQaqS2ytGGgPfoSYc3GARGDEudJvlMryStvL6diRPb5Sw==",
        "dependencies": {
          "SharpGen.Runtime": "2.1.2-beta",
          "Vortice.DXGI": "3.4.4-beta"
        }
      },
      "Microsoft.Extensions.DependencyInjection.Abstractions": {
        "type": "Transitive",
        "resolved": "7.0.0",
        "contentHash": "h3j/QfmFN4S0w4C2A6X7arXij/M/OVw3uQHSOFxnND4DyAzO1F9eMX7Eti7lU/OkSthEE0WzRsfT/Dmx86jzCw=="
      },
      "Serilog": {
        "type": "Transitive",
        "resolved": "2.11.0",
        "contentHash": "ysv+hBzTul6Dp+Hvm10FlhJO3yMQcFKSAleus+LpiIzvNstpeV4Z7gGuIZ1OPNfIMulSHOjmLuGAEDKzpnV8ZQ=="
      },
      "SharpGen.Runtime": {
        "type": "Transitive",
        "resolved": "2.1.2-beta",
        "contentHash": "nqZAjfEG1jX1ivvdZLsi6Pkt0DiOJyuOgRgldNFsmjXFPhxUbXQibofLSwuDZidL2kkmtTF8qLoRIeqeVdXgYw=="
      },
      "SharpGen.Runtime.COM": {
        "type": "Transitive",
        "resolved": "2.1.2-beta",
        "contentHash": "HBCrb6HfnUWx9v5/GjJeBr5DuodZLnHlFQQYXPrQs1Hbe1c6Wd0uCXf+SJp4hW8fQNxjXEu0FgiyHGlA/SRzRw==",
        "dependencies": {
          "SharpGen.Runtime": "2.1.2-beta"
        }
      },
      "SharpGLTF.Core": {
        "type": "Transitive",
        "resolved": "1.0.0-alpha0031",
        "contentHash": "lFJ/0UrYNVuKl4Cty0xvzAiAZd6GYZw57qi5es/EQbd1Ic+XpbVMV1566aXxxlJFQ0LkTvmI5PhKUjiHNdpmqA=="
      },
      "SharpGLTF.Runtime": {
        "type": "Transitive",
        "resolved": "1.0.0-alpha0031",
        "contentHash": "swop7opkvkw8EfLjL1R98jWYAyowf2L3hlHQZnLTFXRFaN2DIF6vkfi8qdik5pFEI6T/xAAeZjAvsmYktdk2Mg==",
        "dependencies": {
          "SharpGLTF.Core": "1.0.0-alpha0031"
        }
      },
      "SharpGLTF.Toolkit": {
        "type": "Transitive",
        "resolved": "1.0.0-alpha0031",
        "contentHash": "oLX3oHz3ybpEhkz/LSC2QToLhnGAAEucQSNyaac5UiZtlPwgPsDMvbJ0gE6TLOr0Ao1NUv1ZN1ZXHeJt1zeGfg==",
        "dependencies": {
          "SharpGLTF.Runtime": "1.0.0-alpha0031"
        }
      },
      "SkiaSharp": {
        "type": "Transitive",
        "resolved": "2.88.6",
        "contentHash": "wdfeBAQrEQCbJIRgAiargzP1Uy+0grZiG4CSgBnhAgcJTsPzlifIaO73JRdwIlT3TyBoeU9jEqzwFUhl4hTYnQ==",
        "dependencies": {
          "SkiaSharp.NativeAssets.Win32": "2.88.6",
          "SkiaSharp.NativeAssets.macOS": "2.88.6"
        }
      },
      "SkiaSharp.NativeAssets.macOS": {
        "type": "Transitive",
        "resolved": "2.88.6",
        "contentHash": "Sko9LFxRXSjb3OGh5/RxrVRXxYo48tr5NKuuSy6jB85GrYt8WRqVY1iLOLwtjPiVAt4cp+pyD4i30azanS64dw=="
      },
      "SkiaSharp.NativeAssets.Win32": {
        "type": "Transitive",
        "resolved": "2.88.6",
        "contentHash": "7TzFO0u/g2MpQsTty4fyCDdMcfcWI+aLswwfnYXr3gtNS6VLKdMXPMeKpJa3pJSLnUBN6wD0JjuCe8OoLBQ6cQ=="
      },
      "Vortice.DirectX": {
        "type": "Transitive",
        "resolved": "3.4.4-beta",
        "contentHash": "arSM6/6bWk6r8eHNT1jeuDtHDmlktf9OMOUIy5H8DP9B73GJWFK2v9U/+NYaRGH9cbTAAbExypcB1UoiUBhJjA==",
        "dependencies": {
          "SharpGen.Runtime": "2.1.2-beta",
          "SharpGen.Runtime.COM": "2.1.2-beta",
          "Vortice.Mathematics": "1.7.7"
        }
      },
      "Vortice.DXGI": {
        "type": "Transitive",
        "resolved": "3.4.4-beta",
        "contentHash": "mrVWuj4iCWnO3U3vrXREpJbOyRtLuvoAtYdvm98535DskFAwcYHah9puN59UCRuelewfL4E4Gvji8D0IQE7WyQ==",
        "dependencies": {
          "SharpGen.Runtime": "2.1.2-beta",
          "Vortice.DirectX": "3.4.4-beta"
        }
      },
      "Vortice.Mathematics": {
        "type": "Transitive",
        "resolved": "1.7.7",
        "contentHash": "zRqtgTTR7HYRLs40/Ip0jyjXiOnn5WnucmLPBUsMItJPuB5t3TdwKkPcCbyDWicncR6W5ShEno6gH/PxalAXAg=="
      },
      "ffxivclientstructs": {
        "type": "Project",
        "dependencies": {
          "Serilog": "[2.11.0, )"
        }
      },
      "Lumina2": {
        "type": "Project"
      },
      "xande": {
        "type": "Project",
        "dependencies": {
          "FFXIVClientStructs": "[1.0.0, )",
          "SharpGLTF.Core": "[1.0.0-alpha0031, )",
          "SharpGLTF.Toolkit": "[1.0.0-alpha0031, )",
          "SkiaSharp": "[2.88.6, )"
        }
      }
    }
  }
}