{
  "version": 1,
  "dependencies": {
    "net8.0-windows7.0": {
      "DalamudPackager": {
        "type": "Direct",
        "requested": "[2.1.12, )",
        "resolved": "2.1.12",
        "contentHash": "Sc0PVxvgg4NQjcI8n10/VfUQBAS4O+Fw2pZrAqBdRMbthYGeogzu5+xmIGCGmsEZ/ukMOBuAqiNiB5qA3MRalg=="
      },
      "Microsoft.Extensions.DependencyInjection": {
        "type": "Direct",
        "requested": "[8.0.0, )",
        "resolved": "8.0.0",
        "contentHash": "V8S3bsm50ig6JSyrbcJJ8bW2b9QLGouz+G1miK3UTaOWmMtFwNNNzUf4AleyDWUmTrWMLNnFSLEQtxmxgNQnNQ==",
        "dependencies": {
          "Microsoft.Extensions.DependencyInjection.Abstractions": "8.0.0"
        }
      },
      "SharpGLTF.Core": {
        "type": "Direct",
        "requested": "[1.0.0-alpha0031, )",
        "resolved": "1.0.0-alpha0031",
        "contentHash": "lFJ/0UrYNVuKl4Cty0xvzAiAZd6GYZw57qi5es/EQbd1Ic+XpbVMV1566aXxxlJFQ0LkTvmI5PhKUjiHNdpmqA=="
      },
      "SharpGLTF.Toolkit": {
        "type": "Direct",
        "requested": "[1.0.0-alpha0031, )",
        "resolved": "1.0.0-alpha0031",
        "contentHash": "oLX3oHz3ybpEhkz/LSC2QToLhnGAAEucQSNyaac5UiZtlPwgPsDMvbJ0gE6TLOr0Ao1NUv1ZN1ZXHeJt1zeGfg==",
        "dependencies": {
          "SharpGLTF.Runtime": "1.0.0-alpha0031"
        }
      },
      "SkiaSharp": {
        "type": "Direct",
        "requested": "[2.88.7, )",
        "resolved": "2.88.7",
        "contentHash": "LJHAMrbWO00J7jXWLWehyjqFo29T4VzABimfJb4nICqpEe3c/KvQGWL4ItON8ymzhxYOeFgyxeRzuNzO4GHSug==",
        "dependencies": {
          "SkiaSharp.NativeAssets.Win32": "2.88.7",
          "SkiaSharp.NativeAssets.macOS": "2.88.7"
        }
      },
      "Vortice.Direct3D11": {
        "type": "Direct",
        "requested": "[3.4.4-beta, )",
        "resolved": "3.4.4-beta",
        "contentHash": "GW4RFxXcEwb2QwHGkDuHuAELPX8zG//C1AsCEL7kPrQaqS2ytGGgPfoSYc3GARGDEudJvlMryStvL6diRPb5Sw==",
        "dependencies": {
          "SharpGen.Runtime": "2.1.2-beta",
          "Vortice.DXGI": "3.4.4-beta"
        }
      },
      "Microsoft.Extensions.DependencyInjection.Abstractions": {
        "type": "Transitive",
        "resolved": "8.0.0",
        "contentHash": "cjWrLkJXK0rs4zofsK4bSdg+jhDLTaxrkXu4gS6Y7MAlCvRyNNgwY/lJi5RDlQOnSZweHqoyvgvbdvQsRIW+hg=="
      },
      "SharpGen.Runtime": {
        "type": "Transitive",
        "resolved": "2.1.2-beta",
        "contentHash": "nqZAjfEG1jX1ivvdZLsi6Pkt0DiOJyuOgRgldNFsmjXFPhxUbXQibofLSwuDZidL2kkmtTF8qLoRIeqeVdXgYw=="
      },
      "SharpGen.Runtime.COM": {
        "type": "Transitive",
        "resolved": "2.1.2-beta",
        "contentHash": "HBCrb6HfnUWx9v5/GjJeBr5DuodZLnHlFQQYXPrQs1Hbe1c6Wd0uCXf+SJp4hW8fQNxjXEu0FgiyHGlA/SRzRw==",
        "dependencies": {
          "SharpGen.Runtime": "2.1.2-beta"
        }
      },
      "SharpGLTF.Runtime": {
        "type": "Transitive",
        "resolved": "1.0.0-alpha0031",
        "contentHash": "swop7opkvkw8EfLjL1R98jWYAyowf2L3hlHQZnLTFXRFaN2DIF6vkfi8qdik5pFEI6T/xAAeZjAvsmYktdk2Mg==",
        "dependencies": {
          "SharpGLTF.Core": "1.0.0-alpha0031"
        }
      },
      "SkiaSharp.NativeAssets.macOS": {
        "type": "Transitive",
        "resolved": "2.88.7",
        "contentHash": "3jNzco4VjcYPFNxR9aNWcgweFXbTSdM1VpNRzCS4X0i1A1OuNqcaulrAvmntNpujeWxHo9e6WGh6FN8Jf5+XhA=="
      },
      "SkiaSharp.NativeAssets.Win32": {
        "type": "Transitive",
        "resolved": "2.88.7",
        "contentHash": "BCXmWdQ0oVck9vRwC8U3ocSaTHEx28VB+6qw9OxGIMQ86iO5bp4Flqk3IXH0l9Pbr7vWAUOpI212iaL9mTaUZQ=="
      },
      "Vortice.DirectX": {
        "type": "Transitive",
        "resolved": "3.4.4-beta",
        "contentHash": "arSM6/6bWk6r8eHNT1jeuDtHDmlktf9OMOUIy5H8DP9B73GJWFK2v9U/+NYaRGH9cbTAAbExypcB1UoiUBhJjA==",
        "dependencies": {
          "SharpGen.Runtime": "2.1.2-beta",
          "SharpGen.Runtime.COM": "2.1.2-beta",
          "Vortice.Mathematics": "1.7.7"
        }
      },
      "Vortice.DXGI": {
        "type": "Transitive",
        "resolved": "3.4.4-beta",
        "contentHash": "mrVWuj4iCWnO3U3vrXREpJbOyRtLuvoAtYdvm98535DskFAwcYHah9puN59UCRuelewfL4E4Gvji8D0IQE7WyQ==",
        "dependencies": {
          "SharpGen.Runtime": "2.1.2-beta",
          "Vortice.DirectX": "3.4.4-beta"
        }
      },
      "Vortice.Mathematics": {
        "type": "Transitive",
        "resolved": "1.7.7",
        "contentHash": "zRqtgTTR7HYRLs40/Ip0jyjXiOnn5WnucmLPBUsMItJPuB5t3TdwKkPcCbyDWicncR6W5ShEno6gH/PxalAXAg=="
      },
      "ffxivclientstructs": {
        "type": "Project"
      }
    }
  }
}