{
  "version": 1,
  "dependencies": {
    "net9.0-windows7.0": {
      "BCnEncoder.Net": {
        "type": "Direct",
        "requested": "[2.2.1, )",
        "resolved": "2.2.1",
        "contentHash": "tI5+/OQo0kciLqWrViRjpOH+IL3FjexYnoWZajiGV41g/EM9CGbWsxsPzBDmpoxNkrV9uox/EtIhCIi9chBSFw==",
        "dependencies": {
          "CommunityToolkit.HighPerformance": "8.4.0"
        }
      },
      "BCnEncoder.Net.ImageSharp": {
        "type": "Direct",
        "requested": "[1.1.2, )",
        "resolved": "1.1.2",
        "contentHash": "qUi8L+bNfHJii95BMBcV6MhBchkKU2VV6sd6D1yyzgm77YhMt+aFT0keh5uf70bvTsRrq/ZKQnE4UQScNU6XAA==",
        "dependencies": {
          "BCnEncoder.Net": "2.2.0",
          "CommunityToolkit.HighPerformance": "8.4.0",
          "SixLabors.ImageSharp": "3.1.7"
        }
      },
      "Microsoft.Extensions.Logging.Abstractions": {
        "type": "Direct",
        "requested": "[9.0.9, )",
        "resolved": "9.0.9",
        "contentHash": "FEgpSF+Z9StMvrsSViaybOBwR0f0ZZxDm8xV5cSOFiXN/t+ys+rwAlTd/6yG7Ld1gfppgvLcMasZry3GsI9lGA==",
        "dependencies": {
          "Microsoft.Extensions.DependencyInjection.Abstractions": "9.0.9"
        }
      },
      "SharpGLTF.Core": {
        "type": "Direct",
        "requested": "[1.0.5, )",
        "resolved": "1.0.5",
        "contentHash": "HNHKPqaHXm7R1nlXZ764K5UI02IeDOQ5DQKLjwYUVNTsSW27jJpw+wLGQx6ZFoiFYqUlyZjmsu+WfEak2GmJAg=="
      },
      "SharpGLTF.Toolkit": {
        "type": "Direct",
        "requested": "[1.0.5, )",
        "resolved": "1.0.5",
        "contentHash": "piQKk7PH2pSWQSQmCSd8cYPaDtAy/ppAD+Mrh2RUhhHI8awl81HqqLyAauwQhJwea3LNaiJ6f4ehZuOGk89TlA==",
        "dependencies": {
          "SharpGLTF.Runtime": "1.0.5"
        }
      },
      "SkiaSharp": {
        "type": "Direct",
        "requested": "[3.119.0, )",
        "resolved": "3.119.0",
        "contentHash": "gR9yVoOta2Mc1Rxt15LD65AckfHMfwjIs/3kkD59C9bT2nYYISsE6uz3t4aMPNHA6CgsIL0Ssn+jE5OVilZ1yw==",
        "dependencies": {
          "SkiaSharp.NativeAssets.Win32": "3.119.0",
          "SkiaSharp.NativeAssets.macOS": "3.119.0"
        }
      },
      "System.IO.Hashing": {
        "type": "Direct",
        "requested": "[9.0.9, )",
        "resolved": "9.0.9",
        "contentHash": "hcGHdlcKtox37LQZBLYJ3GdTlHx16F5tL96Rt8iaFscCAJW9IZt3asQbyuJMjcM9oyrn3Yh2454VY2fU0d/stw=="
      },
      "CommunityToolkit.HighPerformance": {
        "type": "Transitive",
        "resolved": "8.4.0",
        "contentHash": "flxspiBs0G/0GMp7IK2J2ijV9bTG6hEwFc/z6ekHqB6nwRJ4Ry2yLdx+TkbCUYFCl4XhABkAwomeKbT6zM2Zlg=="
      },
      "Microsoft.Extensions.DependencyInjection.Abstractions": {
        "type": "Transitive",
        "resolved": "9.0.9",
        "contentHash": "/hymojfWbE9AlDOa0mczR44m00Jj+T3+HZO0ZnVTI032fVycI0ZbNOVFP6kqZMcXiLSYXzR2ilcwaRi6dzeGyA=="
      },
      "SharpGLTF.Runtime": {
        "type": "Transitive",
        "resolved": "1.0.5",
        "contentHash": "EVP32k4LqERxSVICiupT8xQvhHSHJCiXajBjNpqdfdajtREHayuVhH0Jmk6uSjTLX8/IIH9XfT34sw3TwvCziw==",
        "dependencies": {
          "SharpGLTF.Core": "1.0.5"
        }
      },
      "SixLabors.ImageSharp": {
        "type": "Transitive",
        "resolved": "3.1.7",
        "contentHash": "9fIOOAsyLFid6qKypM2Iy0Z3Q9yoanV8VoYAHtI2sYGMNKzhvRTjgFDHonIiVe+ANtxIxM6SuqUzj0r91nItpA=="
      },
      "SkiaSharp.NativeAssets.macOS": {
        "type": "Transitive",
        "resolved": "3.119.0",
        "contentHash": "YE1vNn0Nyw2PWtv7hw1PYkKJO0itFiQp9vSqGppZUKzQJqwp28a2jgdCMPfYtOiR8KCnDgZqQoynqJRRaE2ZVg=="
      },
      "SkiaSharp.NativeAssets.Win32": {
        "type": "Transitive",
        "resolved": "3.119.0",
        "contentHash": "IwC9yx36lOdXVT2DjgmWHl1qkVspfj8ctd4+li8CNnvqdfaTolXCOh6TLznURcPAvzatx9K/tLOB7zT6T8EA9w=="
      }
    }
  }
}