{
  "version": 1,
  "dependencies": {
    "net9.0-windows7.0": {
      "Microsoft.Extensions.Logging.Abstractions": {
        "type": "Direct",
        "requested": "[9.0.8, )",
        "resolved": "9.0.8",
        "contentHash": "pYnAffJL7ARD/HCnnPvnFKSIHnTSmWz84WIlT9tPeQ4lHNiu0Az7N/8itihWvcF8sT+VVD5lq8V+ckMzu4SbOw==",
        "dependencies": {
          "Microsoft.Extensions.DependencyInjection.Abstractions": "9.0.8"
        }
      },
      "SharpGLTF.Core": {
        "type": "Direct",
        "requested": "[1.0.5, )",
        "resolved": "1.0.5",
        "contentHash": "HNHKPqaHXm7R1nlXZ764K5UI02IeDOQ5DQKLjwYUVNTsSW27jJpw+wLGQx6ZFoiFYqUlyZjmsu+WfEak2GmJAg=="
      },
      "SharpGLTF.Toolkit": {
        "type": "Direct",
        "requested": "[1.0.5, )",
        "resolved": "1.0.5",
        "contentHash": "piQKk7PH2pSWQSQmCSd8cYPaDtAy/ppAD+Mrh2RUhhHI8awl81HqqLyAauwQhJwea3LNaiJ6f4ehZuOGk89TlA==",
        "dependencies": {
          "SharpGLTF.Runtime": "1.0.5"
        }
      },
      "SkiaSharp": {
        "type": "Direct",
        "requested": "[3.119.0, )",
        "resolved": "3.119.0",
        "contentHash": "gR9yVoOta2Mc1Rxt15LD65AckfHMfwjIs/3kkD59C9bT2nYYISsE6uz3t4aMPNHA6CgsIL0Ssn+jE5OVilZ1yw==",
        "dependencies": {
          "SkiaSharp.NativeAssets.Win32": "3.119.0",
          "SkiaSharp.NativeAssets.macOS": "3.119.0"
        }
      },
      "System.IO.Hashing": {
        "type": "Direct",
        "requested": "[9.0.8, )",
        "resolved": "9.0.8",
        "contentHash": "5TJUS9EIYrp0VEcm06EPYxXmLmsVUakewFnM/CAxQfvlasI9fGkTKM9afSf2dodZcMCzFna/o7Fn+gYRt3uTiA=="
      },
      "Microsoft.Extensions.DependencyInjection.Abstractions": {
        "type": "Transitive",
        "resolved": "9.0.8",
        "contentHash": "xY3lTjj4+ZYmiKIkyWitddrp1uL5uYiweQjqo4BKBw01ZC4HhcfgLghDpPZcUlppgWAFqFy9SgkiYWOMx365pw=="
      },
      "SharpGLTF.Runtime": {
        "type": "Transitive",
        "resolved": "1.0.5",
        "contentHash": "EVP32k4LqERxSVICiupT8xQvhHSHJCiXajBjNpqdfdajtREHayuVhH0Jmk6uSjTLX8/IIH9XfT34sw3TwvCziw==",
        "dependencies": {
          "SharpGLTF.Core": "1.0.5"
        }
      },
      "SkiaSharp.NativeAssets.macOS": {
        "type": "Transitive",
        "resolved": "3.119.0",
        "contentHash": "YE1vNn0Nyw2PWtv7hw1PYkKJO0itFiQp9vSqGppZUKzQJqwp28a2jgdCMPfYtOiR8KCnDgZqQoynqJRRaE2ZVg=="
      },
      "SkiaSharp.NativeAssets.Win32": {
        "type": "Transitive",
        "resolved": "3.119.0",
        "contentHash": "IwC9yx36lOdXVT2DjgmWHl1qkVspfj8ctd4+li8CNnvqdfaTolXCOh6TLznURcPAvzatx9K/tLOB7zT6T8EA9w=="
      }
    }
  }
}